Microsoft Visual Studio Solution File, Format Version 12.00
# Visual Studio 2012
Project("{FAE04EC0-301F-11D3-BF4B-00C04F79EFBC}") = "Platformer Tutorial", "Platformer Tutorial.csproj", "{F116C281-B1F4-461B-8A07-D1850641A2F0}"
EndProject
Global
	GlobalSection(SolutionConfigurationPlatforms) = preSolution
	Debug|Any CPU = Debug|Any CPU
	ExportDebug|Any CPU = ExportDebug|Any CPU
	ExportRelease|Any CPU = ExportRelease|Any CPU
	EndGlobalSection
	GlobalSection(ProjectConfigurationPlatforms) = postSolution
		{F116C281-B1F4-461B-8A07-D1850641A2F0}.Debug|Any CPU.ActiveCfg = Debug|Any CPU
		{F116C281-B1F4-461B-8A07-D1850641A2F0}.Debug|Any CPU.Build.0 = Debug|Any CPU
		{F116C281-B1F4-461B-8A07-D1850641A2F0}.ExportDebug|Any CPU.ActiveCfg = ExportDebug|Any CPU
		{F116C281-B1F4-461B-8A07-D1850641A2F0}.ExportDebug|Any CPU.Build.0 = ExportDebug|Any CPU
		{F116C281-B1F4-461B-8A07-D1850641A2F0}.ExportRelease|Any CPU.ActiveCfg = ExportRelease|Any CPU
		{F116C281-B1F4-461B-8A07-D1850641A2F0}.ExportRelease|Any CPU.Build.0 = ExportRelease|Any CPU
	EndGlobalSection
EndGlobal
